// !$*UTF8*$!
{
	archiveVersion = 1;
	classes = {
	};
	objectVersion = 46;
	objects = {

/* Begin PBXBuildFile section */
		4102E8621E7F681B001B09FD /* AppDelegate.swift in Sources */ = {isa = PBXBuildFile; fileRef = 4102E8611E7F681B001B09FD /* AppDelegate.swift */; };
		4102E8671E7F681B001B09FD /* Main.storyboard in Resources */ = {isa = PBXBuildFile; fileRef = 4102E8651E7F681B001B09FD /* Main.storyboard */; };
		4102E8691E7F681B001B09FD /* Assets.xcassets in Resources */ = {isa = PBXBuildFile; fileRef = 4102E8681E7F681B001B09FD /* Assets.xcassets */; };
		4102E86C1E7F681B001B09FD /* LaunchScreen.storyboard in Resources */ = {isa = PBXBuildFile; fileRef = 4102E86A1E7F681B001B09FD /* LaunchScreen.storyboard */; };
		4102E8771E7F681B001B09FD /* WeatherGiftTests.swift in Sources */ = {isa = PBXBuildFile; fileRef = 4102E8761E7F681B001B09FD /* WeatherGiftTests.swift */; };
		4102E8821E7F688C001B09FD /* DetailVC.swift in Sources */ = {isa = PBXBuildFile; fileRef = 4102E8811E7F688C001B09FD /* DetailVC.swift */; };
		4102E8841E7F6C1A001B09FD /* ListVC.swift in Sources */ = {isa = PBXBuildFile; fileRef = 4102E8831E7F6C1A001B09FD /* ListVC.swift */; };
		4102E8861E7F6DF5001B09FD /* PageVC.swift in Sources */ = {isa = PBXBuildFile; fileRef = 4102E8851E7F6DF5001B09FD /* PageVC.swift */; };
		41097EEF1E92AE79005B0D11 /* DayWeatherCell.swift in Sources */ = {isa = PBXBuildFile; fileRef = 41097EEE1E92AE79005B0D11 /* DayWeatherCell.swift */; };
		41657A491E897C4F0051848A /* Constants.swift in Sources */ = {isa = PBXBuildFile; fileRef = 41657A481E897C4F0051848A /* Constants.swift */; };
		4184315F1E88AF3D00DE28E8 /* WeatherLocation.swift in Sources */ = {isa = PBXBuildFile; fileRef = 4184315E1E88AF3D00DE28E8 /* WeatherLocation.swift */; };
		DD795078B7BD60E92B9C1294 /* Pods_WeatherGift.framework in Frameworks */ = {isa = PBXBuildFile; fileRef = CAEE3319D963D8FA47F9C64F /* Pods_WeatherGift.framework */; };
/* End PBXBuildFile section */

/* Begin PBXContainerItemProxy section */
		4102E8731E7F681B001B09FD /* PBXContainerItemProxy */ = {
			isa = PBXContainerItemProxy;
			containerPortal = 4102E8561E7F681B001B09FD /* Project object */;
			proxyType = 1;
			remoteGlobalIDString = 4102E85D1E7F681B001B09FD;
			remoteInfo = WeatherGift;
		};
/* End PBXContainerItemProxy section */

/* Begin PBXFileReference section */
		02524BFD604E0931445A4FB4 /* Pods-WeatherGift.release.xcconfig */ = {isa = PBXFileReference; includeInIndex = 1; lastKnownFileType = text.xcconfig; name = "Pods-WeatherGift.release.xcconfig"; path = "Pods/Target Support Files/Pods-WeatherGift/Pods-WeatherGift.release.xcconfig"; sourceTree = "<group>"; };
		4102E85E1E7F681B001B09FD /* WeatherGift.app */ = {isa = PBXFileReference; explicitFileType = wrapper.application; includeInIndex = 0; path = WeatherGift.app; sourceTree = BUILT_PRODUCTS_DIR; };
		4102E8611E7F681B001B09FD /* AppDelegate.swift */ = {isa = PBXFileReference; lastKnownFileType = sourcecode.swift; path = AppDelegate.swift; sourceTree = "<group>"; };
		4102E8661E7F681B001B09FD /* Base */ = {isa = PBXFileReference; lastKnownFileType = file.storyboard; name = Base; path = Base.lproj/Main.storyboard; sourceTree = "<group>"; };
		4102E8681E7F681B001B09FD /* Assets.xcassets */ = {isa = PBXFileReference; lastKnownFileType = folder.assetcatalog; path = Assets.xcassets; sourceTree = "<group>"; };
		4102E86B1E7F681B001B09FD /* Base */ = {isa = PBXFileReference; lastKnownFileType = file.storyboard; name = Base; path = Base.lproj/LaunchScreen.storyboard; sourceTree = "<group>"; };
		4102E86D1E7F681B001B09FD /* Info.plist */ = {isa = PBXFileReference; lastKnownFileType = text.plist.xml; path = Info.plist; sourceTree = "<group>"; };
		4102E8721E7F681B001B09FD /* WeatherGiftTests.xctest */ = {isa = PBXFileReference; explicitFileType = wrapper.cfbundle; includeInIndex = 0; path = WeatherGiftTests.xctest; sourceTree = BUILT_PRODUCTS_DIR; };
		4102E8761E7F681B001B09FD /* WeatherGiftTests.swift */ = {isa = PBXFileReference; lastKnownFileType = sourcecode.swift; path = WeatherGiftTests.swift; sourceTree = "<group>"; };
		4102E8781E7F681B001B09FD /* Info.plist */ = {isa = PBXFileReference; lastKnownFileType = text.plist.xml; path = Info.plist; sourceTree = "<group>"; };
		4102E8811E7F688C001B09FD /* DetailVC.swift */ = {isa = PBXFileReference; fileEncoding = 4; lastKnownFileType = sourcecode.swift; name = DetailVC.swift; path = ../DetailVC.swift; sourceTree = "<group>"; };
		4102E8831E7F6C1A001B09FD /* ListVC.swift */ = {isa = PBXFileReference; fileEncoding = 4; lastKnownFileType = sourcecode.swift; path = ListVC.swift; sourceTree = "<group>"; };
		4102E8851E7F6DF5001B09FD /* PageVC.swift */ = {isa = PBXFileReference; fileEncoding = 4; lastKnownFileType = sourcecode.swift; path = PageVC.swift; sourceTree = "<group>"; };
		41097EEE1E92AE79005B0D11 /* DayWeatherCell.swift */ = {isa = PBXFileReference; fileEncoding = 4; lastKnownFileType = sourcecode.swift; path = DayWeatherCell.swift; sourceTree = "<group>"; };
		41657A481E897C4F0051848A /* Constants.swift */ = {isa = PBXFileReference; fileEncoding = 4; lastKnownFileType = sourcecode.swift; path = Constants.swift; sourceTree = "<group>"; };
		4184315E1E88AF3D00DE28E8 /* WeatherLocation.swift */ = {isa = PBXFileReference; fileEncoding = 4; lastKnownFileType = sourcecode.swift; path = WeatherLocation.swift; sourceTree = "<group>"; };
		B8B982209D453C60EE4D64DC /* Pods-WeatherGift.debug.xcconfig */ = {isa = PBXFileReference; includeInIndex = 1; lastKnownFileType = text.xcconfig; name = "Pods-WeatherGift.debug.xcconfig"; path = "Pods/Target Support Files/Pods-WeatherGift/Pods-WeatherGift.debug.xcconfig"; sourceTree = "<group>"; };
		CAEE3319D963D8FA47F9C64F /* Pods_WeatherGift.framework */ = {isa = PBXFileReference; explicitFileType = wrapper.framework; includeInIndex = 0; path = Pods_WeatherGift.framework; sourceTree = BUILT_PRODUCTS_DIR; };
/* End PBXFileReference section */

/* Begin PBXFrameworksBuildPhase section */
		4102E85B1E7F681B001B09FD /* Frameworks */ = {
			isa = PBXFrameworksBuildPhase;
			buildActionMask = 2147483647;
			files = (
				DD795078B7BD60E92B9C1294 /* Pods_WeatherGift.framework in Frameworks */,
			);
			runOnlyForDeploymentPostprocessing = 0;
		};
		4102E86F1E7F681B001B09FD /* Frameworks */ = {
			isa = PBXFrameworksBuildPhase;
			buildActionMask = 2147483647;
			files = (
			);
			runOnlyForDeploymentPostprocessing = 0;
		};
/* End PBXFrameworksBuildPhase section */

/* Begin PBXGroup section */
		4102E8551E7F681B001B09FD = {
			isa = PBXGroup;
			children = (
				4102E8601E7F681B001B09FD /* WeatherGift */,
				4102E8751E7F681B001B09FD /* WeatherGiftTests */,
				4102E85F1E7F681B001B09FD /* Products */,
				A58332AE9C22E7519FC6005E /* Pods */,
				5E931460829F3C21289FA9BB /* Frameworks */,
			);
			sourceTree = "<group>";
		};
		4102E85F1E7F681B001B09FD /* Products */ = {
			isa = PBXGroup;
			children = (
				4102E85E1E7F681B001B09FD /* WeatherGift.app */,
				4102E8721E7F681B001B09FD /* WeatherGiftTests.xctest */,
			);
			name = Products;
			sourceTree = "<group>";
		};
		4102E8601E7F681B001B09FD /* WeatherGift */ = {
			isa = PBXGroup;
			children = (
				4102E8611E7F681B001B09FD /* AppDelegate.swift */,
				4184315E1E88AF3D00DE28E8 /* WeatherLocation.swift */,
				4102E8851E7F6DF5001B09FD /* PageVC.swift */,
				4102E8811E7F688C001B09FD /* DetailVC.swift */,
				41097EEE1E92AE79005B0D11 /* DayWeatherCell.swift */,
				41657A481E897C4F0051848A /* Constants.swift */,
				4102E8831E7F6C1A001B09FD /* ListVC.swift */,
				4102E8651E7F681B001B09FD /* Main.storyboard */,
				4102E8681E7F681B001B09FD /* Assets.xcassets */,
				4102E86A1E7F681B001B09FD /* LaunchScreen.storyboard */,
				4102E86D1E7F681B001B09FD /* Info.plist */,
			);
			path = WeatherGift;
			sourceTree = "<group>";
		};
		4102E8751E7F681B001B09FD /* WeatherGiftTests */ = {
			isa = PBXGroup;
			children = (
				4102E8761E7F681B001B09FD /* WeatherGiftTests.swift */,
				4102E8781E7F681B001B09FD /* Info.plist */,
			);
			path = WeatherGiftTests;
			sourceTree = "<group>";
		};
		5E931460829F3C21289FA9BB /* Frameworks */ = {
			isa = PBXGroup;
			children = (
				CAEE3319D963D8FA47F9C64F /* Pods_WeatherGift.framework */,
			);
			name = Frameworks;
			sourceTree = "<group>";
		};
		A58332AE9C22E7519FC6005E /* Pods */ = {
			isa = PBXGroup;
			children = (
				B8B982209D453C60EE4D64DC /* Pods-WeatherGift.debug.xcconfig */,
				02524BFD604E0931445A4FB4 /* Pods-WeatherGift.release.xcconfig */,
			);
			name = Pods;
			sourceTree = "<group>";
		};
/* End PBXGroup section */

/* Begin PBXNativeTarget section */
		4102E85D1E7F681B001B09FD /* WeatherGift */ = {
			isa = PBXNativeTarget;
			buildConfigurationList = 4102E87B1E7F681B001B09FD /* Build configuration list for PBXNativeTarget "WeatherGift" */;
			buildPhases = (
				542D8C4A00F4419E8A694CD3 /* [CP] Check Pods Manifest.lock */,
				4102E85A1E7F681B001B09FD /* Sources */,
				4102E85B1E7F681B001B09FD /* Frameworks */,
				4102E85C1E7F681B001B09FD /* Resources */,
				3A4CE8F4FD6158BDD2E630D3 /* [CP] Embed Pods Frameworks */,
				FE09901CB6ABC5F944CCBDE6 /* [CP] Copy Pods Resources */,
			);
			buildRules = (
			);
			dependencies = (
			);
			name = WeatherGift;
			productName = WeatherGift;
			productReference = 4102E85E1E7F681B001B09FD /* WeatherGift.app */;
			productType = "com.apple.product-type.application";
		};
		4102E8711E7F681B001B09FD /* WeatherGiftTests */ = {
			isa = PBXNativeTarget;
			buildConfigurationList = 4102E87E1E7F681B001B09FD /* Build configuration list for PBXNativeTarget "WeatherGiftTests" */;
			buildPhases = (
				4102E86E1E7F681B001B09FD /* Sources */,
				4102E86F1E7F681B001B09FD /* Frameworks */,
				4102E8701E7F681B001B09FD /* Resources */,
			);
			buildRules = (
			);
			dependencies = (
				4102E8741E7F681B001B09FD /* PBXTargetDependency */,
			);
			name = WeatherGiftTests;
			productName = WeatherGiftTests;
			productReference = 4102E8721E7F681B001B09FD /* WeatherGiftTests.xctest */;
			productType = "com.apple.product-type.bundle.unit-test";
		};
/* End PBXNativeTarget section */

/* Begin PBXProject section */
		4102E8561E7F681B001B09FD /* Project object */ = {
			isa = PBXProject;
			attributes = {
				LastSwiftUpdateCheck = 0820;
				LastUpgradeCheck = 0820;
				ORGANIZATIONNAME = "Liuke Yang";
				TargetAttributes = {
					4102E85D1E7F681B001B09FD = {
						CreatedOnToolsVersion = 8.2.1;
						DevelopmentTeam = H8S4RT4KWP;
						ProvisioningStyle = Automatic;
					};
					4102E8711E7F681B001B09FD = {
						CreatedOnToolsVersion = 8.2.1;
						DevelopmentTeam = H8S4RT4KWP;
						ProvisioningStyle = Automatic;
						TestTargetID = 4102E85D1E7F681B001B09FD;
					};
				};
			};
			buildConfigurationList = 4102E8591E7F681B001B09FD /* Build configuration list for PBXProject "WeatherGift" */;
			compatibilityVersion = "Xcode 3.2";
			developmentRegion = English;
			hasScannedForEncodings = 0;
			knownRegions = (
				en,
				Base,
			);
			mainGroup = 4102E8551E7F681B001B09FD;
			productRefGroup = 4102E85F1E7F681B001B09FD /* Products */;
			projectDirPath = "";
			projectRoot = "";
			targets = (
				4102E85D1E7F681B001B09FD /* WeatherGift */,
				4102E8711E7F681B001B09FD /* WeatherGiftTests */,
			);
		};
/* End PBXProject section */

/* Begin PBXResourcesBuildPhase section */
		4102E85C1E7F681B001B09FD /* Resources */ = {
			isa = PBXResourcesBuildPhase;
			buildActionMask = 2147483647;
			files = (
				4102E86C1E7F681B001B09FD /* LaunchScreen.storyboard in Resources */,
				4102E8691E7F681B001B09FD /* Assets.xcassets in Resources */,
				4102E8671E7F681B001B09FD /* Main.storyboard in Resources */,
			);
			runOnlyForDeploymentPostprocessing = 0;
		};
		4102E8701E7F681B001B09FD /* Resources */ = {
			isa = PBXResourcesBuildPhase;
			buildActionMask = 2147483647;
			files = (
			);
			runOnlyForDeploymentPostprocessing = 0;
		};
/* End PBXResourcesBuildPhase section */

/* Begin PBXShellScriptBuildPhase section */
		3A4CE8F4FD6158BDD2E630D3 /* [CP] Embed Pods Frameworks */ = {
			isa = PBXShellScriptBuildPhase;
			buildActionMask = 2147483647;
			files = (
			);
			inputPaths = (
			);
			name = "[CP] Embed Pods Frameworks";
			outputPaths = (
			);
			runOnlyForDeploymentPostprocessing = 0;
			shellPath = /bin/sh;
			shellScript = "\"${SRCROOT}/Pods/Target Support Files/Pods-WeatherGift/Pods-WeatherGift-frameworks.sh\"\n";
			showEnvVarsInLog = 0;
		};
		542D8C4A00F4419E8A694CD3 /* [CP] Check Pods Manifest.lock */ = {
			isa = PBXShellScriptBuildPhase;
			buildActionMask = 2147483647;
			files = (
			);
			inputPaths = (
			);
			name = "[CP] Check Pods Manifest.lock";
			outputPaths = (
			);
			runOnlyForDeploymentPostprocessing = 0;
			shellPath = /bin/sh;
			shellScript = "diff \"${PODS_ROOT}/../Podfile.lock\" \"${PODS_ROOT}/Manifest.lock\" > /dev/null\nif [ $? != 0 ] ; then\n    # print error to STDERR\n    echo \"error: The sandbox is not in sync with the Podfile.lock. Run 'pod install' or update your CocoaPods installation.\" >&2\n    exit 1\nfi\n";
			showEnvVarsInLog = 0;
		};
		FE09901CB6ABC5F944CCBDE6 /* [CP] Copy Pods Resources */ = {
			isa = PBXShellScriptBuildPhase;
			buildActionMask = 2147483647;
			files = (
			);
			inputPaths = (
			);
			name = "[CP] Copy Pods Resources";
			outputPaths = (
			);
			runOnlyForDeploymentPostprocessing = 0;
			shellPath = /bin/sh;
			shellScript = "\"${SRCROOT}/Pods/Target Support Files/Pods-WeatherGift/Pods-WeatherGift-resources.sh\"\n";
			showEnvVarsInLog = 0;
		};
/* End PBXShellScriptBuildPhase section */

/* Begin PBXSourcesBuildPhase section */
		4102E85A1E7F681B001B09FD /* Sources */ = {
			isa = PBXSourcesBuildPhase;
			buildActionMask = 2147483647;
			files = (
				41097EEF1E92AE79005B0D11 /* DayWeatherCell.swift in Sources */,
				4184315F1E88AF3D00DE28E8 /* WeatherLocation.swift in Sources */,
				4102E8841E7F6C1A001B09FD /* ListVC.swift in Sources */,
				4102E8861E7F6DF5001B09FD /* PageVC.swift in Sources */,
				4102E8621E7F681B001B09FD /* AppDelegate.swift in Sources */,
				4102E8821E7F688C001B09FD /* DetailVC.swift in Sources */,
				41657A491E897C4F0051848A /* Constants.swift in Sources */,
			);
			runOnlyForDeploymentPostprocessing = 0;
		};
		4102E86E1E7F681B001B09FD /* Sources */ = {
			isa = PBXSourcesBuildPhase;
			buildActionMask = 2147483647;
			files = (
				4102E8771E7F681B001B09FD /* WeatherGiftTests.swift in Sources */,
			);
			runOnlyForDeploymentPostprocessing = 0;
		};
/* End PBXSourcesBuildPhase section */

/* Begin PBXTargetDependency section */
		4102E8741E7F681B001B09FD /* PBXTargetDependency */ = {
			isa = PBXTargetDependency;
			target = 4102E85D1E7F681B001B09FD /* WeatherGift */;
			targetProxy = 4102E8731E7F681B001B09FD /* PBXContainerItemProxy */;
		};
/* End PBXTargetDependency section */

/* Begin PBXVariantGroup section */
		4102E8651E7F681B001B09FD /* Main.storyboard */ = {
			isa = PBXVariantGroup;
			children = (
				4102E8661E7F681B001B09FD /* Base */,
			);
			name = Main.storyboard;
			sourceTree = "<group>";
		};
		4102E86A1E7F681B001B09FD /* LaunchScreen.storyboard */ = {
			isa = PBXVariantGroup;
			children = (
				4102E86B1E7F681B001B09FD /* Base */,
			);
			name = LaunchScreen.storyboard;
			sourceTree = "<group>";
		};
/* End PBXVariantGroup section */

/* Begin XCBuildConfiguration section */
		4102E8791E7F681B001B09FD /* Debug */ = {
			isa = XCBuildConfiguration;
			buildSettings = {
				ALWAYS_SEARCH_USER_PATHS = NO;
				CLANG_ANALYZER_NONNULL = YES;
				CLANG_CXX_LANGUAGE_STANDARD = "gnu++0x";
				CLANG_CXX_LIBRARY = "libc++";
				CLANG_ENABLE_MODULES = YES;
				CLANG_ENABLE_OBJC_ARC = YES;
				CLANG_WARN_BOOL_CONVERSION = YES;
				CLANG_WARN_CONSTANT_CONVERSION = YES;
				CLANG_WARN_DIRECT_OBJC_ISA_USAGE = YES_ERROR;
				CLANG_WARN_DOCUMENTATION_COMMENTS = YES;
				CLANG_WARN_EMPTY_BODY = YES;
				CLANG_WARN_ENUM_CONVERSION = YES;
				CLANG_WARN_INFINITE_RECURSION = YES;
				CLANG_WARN_INT_CONVERSION = YES;
				CLANG_WARN_OBJC_ROOT_CLASS = YES_ERROR;
				CLANG_WARN_SUSPICIOUS_MOVE = YES;
				CLANG_WARN_UNREACHABLE_CODE = YES;
				CLANG_WARN__DUPLICATE_METHOD_MATCH = YES;
				"CODE_SIGN_IDENTITY[sdk=iphoneos*]" = "iPhone Developer";
				COPY_PHASE_STRIP = NO;
				DEBUG_INFORMATION_FORMAT = dwarf;
				ENABLE_STRICT_OBJC_MSGSEND = YES;
				ENABLE_TESTABILITY = YES;
				GCC_C_LANGUAGE_STANDARD = gnu99;
				GCC_DYNAMIC_NO_PIC = NO;
				GCC_NO_COMMON_BLOCKS = YES;
				GCC_OPTIMIZATION_LEVEL = 0;
				GCC_PREPROCESSOR_DEFINITIONS = (
					"DEBUG=1",
					"$(inherited)",
				);
				GCC_WARN_64_TO_32_BIT_CONVERSION = YES;
				GCC_WARN_ABOUT_RETURN_TYPE = YES_ERROR;
				GCC_WARN_UNDECLARED_SELECTOR = YES;
				GCC_WARN_UNINITIALIZED_AUTOS = YES_AGGRESSIVE;
				GCC_WARN_UNUSED_FUNCTION = YES;
				GCC_WARN_UNUSED_VARIABLE = YES;
				IPHONEOS_DEPLOYMENT_TARGET = 10.2;
				MTL_ENABLE_DEBUG_INFO = YES;
				ONLY_ACTIVE_ARCH = YES;
				SDKROOT = iphoneos;
				SWIFT_ACTIVE_COMPILATION_CONDITIONS = DEBUG;
				SWIFT_OPTIMIZATION_LEVEL = "-Onone";
				TARGETED_DEVICE_FAMILY = "1,2";
			};
			name = Debug;
		};
		4102E87A1E7F681B001B09FD /* Release */ = {
			isa = XCBuildConfiguration;
			buildSettings = {
				ALWAYS_SEARCH_USER_PATHS = NO;
				CLANG_ANALYZER_NONNULL = YES;
				CLANG_CXX_LANGUAGE_STANDARD = "gnu++0x";
				CLANG_CXX_LIBRARY = "libc++";
				CLANG_ENABLE_MODULES = YES;
				CLANG_ENABLE_OBJC_ARC = YES;
				CLANG_WARN_BOOL_CONVERSION = YES;
				CLANG_WARN_CONSTANT_CONVERSION = YES;
				CLANG_WARN_DIRECT_OBJC_ISA_USAGE = YES_ERROR;
				CLANG_WARN_DOCUMENTATION_COMMENTS = YES;
				CLANG_WARN_EMPTY_BODY = YES;
				CLANG_WARN_ENUM_CONVERSION = YES;
				CLANG_WARN_INFINITE_RECURSION = YES;
				CLANG_WARN_INT_CONVERSION = YES;
				CLANG_WARN_OBJC_ROOT_CLASS = YES_ERROR;
				CLANG_WARN_SUSPICIOUS_MOVE = YES;
				CLANG_WARN_UNREACHABLE_CODE = YES;
				CLANG_WARN__DUPLICATE_METHOD_MATCH = YES;
				"CODE_SIGN_IDENTITY[sdk=iphoneos*]" = "iPhone Developer";
				COPY_PHASE_STRIP = NO;
				DEBUG_INFORMATION_FORMAT = "dwarf-with-dsym";
				ENABLE_NS_ASSERTIONS = NO;
				ENABLE_STRICT_OBJC_MSGSEND = YES;
				GCC_C_LANGUAGE_STANDARD = gnu99;
				GCC_NO_COMMON_BLOCKS = YES;
				GCC_WARN_64_TO_32_BIT_CONVERSION = YES;
				GCC_WARN_ABOUT_RETURN_TYPE = YES_ERROR;
				GCC_WARN_UNDECLARED_SELECTOR = YES;
				GCC_WARN_UNINITIALIZED_AUTOS = YES_AGGRESSIVE;
				GCC_WARN_UNUSED_FUNCTION = YES;
				GCC_WARN_UNUSED_VARIABLE = YES;
				IPHONEOS_DEPLOYMENT_TARGET = 10.2;
				MTL_ENABLE_DEBUG_INFO = NO;
				SDKROOT = iphoneos;
				SWIFT_OPTIMIZATION_LEVEL = "-Owholemodule";
				TARGETED_DEVICE_FAMILY = "1,2";
				VALIDATE_PRODUCT = YES;
			};
			name = Release;
		};
		4102E87C1E7F681B001B09FD /* Debug */ = {
			isa = XCBuildConfiguration;
			baseConfigurationReference = B8B982209D453C60EE4D64DC /* Pods-WeatherGift.debug.xcconfig */;
			buildSettings = {
				ASSETCATALOG_COMPILER_APPICON_NAME = AppIcon;
				DEVELOPMENT_TEAM = H8S4RT4KWP;
				INFOPLIST_FILE = WeatherGift/Info.plist;
				IPHONEOS_DEPLOYMENT_TARGET = 9.0;
				LD_RUNPATH_SEARCH_PATHS = "$(inherited) @executable_path/Frameworks";
				PRODUCT_BUNDLE_IDENTIFIER = "com.Practice-Project-1.WeatherGift";
				PRODUCT_NAME = "$(TARGET_NAME)";
				SWIFT_VERSION = 3.0;
			};
			name = Debug;
		};
		4102E87D1E7F681B001B09FD /* Release */ = {
			isa = XCBuildConfiguration;
			baseConfigurationReference = 02524BFD604E0931445A4FB4 /* Pods-WeatherGift.release.xcconfig */;
			buildSettings = {
				ASSETCATALOG_COMPILER_APPICON_NAME = AppIcon;
				DEVELOPMENT_TEAM = H8S4RT4KWP;
				INFOPLIST_FILE = WeatherGift/Info.plist;
				IPHONEOS_DEPLOYMENT_TARGET = 9.0;
				LD_RUNPATH_SEARCH_PATHS = "$(inherited) @executable_path/Frameworks";
				PRODUCT_BUNDLE_IDENTIFIER = "com.Practice-Project-1.WeatherGift";
				PRODUCT_NAME = "$(TARGET_NAME)";
				SWIFT_VERSION = 3.0;
			};
			name = Release;
		};
		4102E87F1E7F681B001B09FD /* Debug */ = {
			isa = XCBuildConfiguration;
			buildSettings = {
				ALWAYS_EMBED_SWIFT_STANDARD_LIBRARIES = YES;
				BUNDLE_LOADER = "$(TEST_HOST)";
				DEVELOPMENT_TEAM = H8S4RT4KWP;
				INFOPLIST_FILE = WeatherGiftTests/Info.plist;
				LD_RUNPATH_SEARCH_PATHS = "$(inherited) @executable_path/Frameworks @loader_path/Frameworks";
				PRODUCT_BUNDLE_IDENTIFIER = "com.Practice-Project-1.WeatherGiftTests";
				PRODUCT_NAME = "$(TARGET_NAME)";
				SWIFT_VERSION = 3.0;
				TEST_HOST = "$(BUILT_PRODUCTS_DIR)/WeatherGift.app/WeatherGift";
			};
			name = Debug;
		};
		4102E8801E7F681B001B09FD /* Release */ = {
			isa = XCBuildConfiguration;
			buildSettings = {
				ALWAYS_EMBED_SWIFT_STANDARD_LIBRARIES = YES;
				BUNDLE_LOADER = "$(TEST_HOST)";
				DEVELOPMENT_TEAM = H8S4RT4KWP;
				INFOPLIST_FILE = WeatherGiftTests/Info.plist;
				LD_RUNPATH_SEARCH_PATHS = "$(inherited) @executable_path/Frameworks @loader_path/Frameworks";
				PRODUCT_BUNDLE_IDENTIFIER = "com.Practice-Project-1.WeatherGiftTests";
				PRODUCT_NAME = "$(TARGET_NAME)";
				SWIFT_VERSION = 3.0;
				TEST_HOST = "$(BUILT_PRODUCTS_DIR)/WeatherGift.app/WeatherGift";
			};
			name = Release;
		};
/* End XCBuildConfiguration section */

/* Begin XCConfigurationList section */
		4102E8591E7F681B001B09FD /* Build configuration list for PBXProject "WeatherGift" */ = {
			isa = XCConfigurationList;
			buildConfigurations = (
				4102E8791E7F681B001B09FD /* Debug */,
				4102E87A1E7F681B001B09FD /* Release */,
			);
			defaultConfigurationIsVisible = 0;
			defaultConfigurationName = Release;
		};
		4102E87B1E7F681B001B09FD /* Build configuration list for PBXNativeTarget "WeatherGift" */ = {
			isa = XCConfigurationList;
			buildConfigurations = (
				4102E87C1E7F681B001B09FD /* Debug */,
				4102E87D1E7F681B001B09FD /* Release */,
			);
			defaultConfigurationIsVisible = 0;
			defaultConfigurationName = Release;
		};
		4102E87E1E7F681B001B09FD /* Build configuration list for PBXNativeTarget "WeatherGiftTests" */ = {
			isa = XCConfigurationList;
			buildConfigurations = (
				4102E87F1E7F681B001B09FD /* Debug */,
				4102E8801E7F681B001B09FD /* Release */,
			);
			defaultConfigurationIsVisible = 0;
			defaultConfigurationName = Release;
		};
/* End XCConfigurationList section */
	};
	rootObject = 4102E8561E7F681B001B09FD /* Project object */;
}
